
Microsoft Visual Studio Solution File, Format Version 12.00
# Visual Studio 15
VisualStudioVersion = 15.0.27703.2026
MinimumVisualStudioVersion = 10.0.40219.1
Project("{FAE04EC0-301F-11D3-BF4B-00C04F79EFBC}") = "Game", "Game\Game.csproj", "{4396AC45-07A5-47FF-997B-FD393D6D4B20}"
EndProject
Global
	GlobalSection(SolutionConfigurationPlatforms) = preSolution
		Debug|Any CPU = Debug|Any CPU
		Release|Any CPU = Release|Any CPU
	EndGlobalSection
	GlobalSection(ProjectConfigurationPlatforms) = postSolution
		{4396AC45-07A5-47FF-997B-FD393D6D4B20}.Debug|Any CPU.ActiveCfg = Debug|Any CPU
		{4396AC45-07A5-47FF-997B-FD393D6D4B20}.Debug|Any CPU.Build.0 = Debug|Any CPU
		{4396AC45-07A5-47FF-997B-FD393D6D4B20}.Release|Any CPU.ActiveCfg = Release|Any CPU
		{4396AC45-07A5-47FF-997B-FD393D6D4B20}.Release|Any CPU.Build.0 = Release|Any CPU
	EndGlobalSection
	GlobalSection(SolutionProperties) = preSolution
		HideSolutionNode = FALSE
	EndGlobalSection
	GlobalSection(ExtensibilityGlobals) = postSolution
		SolutionGuid = {729B5044-4121-42CB-B88A-0989CC8D0976}
	EndGlobalSection
EndGlobal
